
Microsoft Visual Studio Solution File, Format Version 12.00
# Visual Studio Version 17
VisualStudioVersion = 17.6.33815.320
MinimumVisualStudioVersion = 10.0.40219.1
Project("{FAE04EC0-301F-11D3-BF4B-00C04F79EFBC}") = "PedraPapelTesoura", "PedraPapelTesoura\PedraPapelTesoura.csproj", "{78DF4520-4FED-4A24-A7D9-689CD4C96CC3}"
EndProject
Global
	GlobalSection(SolutionConfigurationPlatforms) = preSolution
		Debug|Any CPU = Debug|Any CPU
		Release|Any CPU = Release|Any CPU
	EndGlobalSection
	GlobalSection(ProjectConfigurationPlatforms) = postSolution
		{78DF4520-4FED-4A24-A7D9-689CD4C96CC3}.Debug|Any CPU.ActiveCfg = Debug|Any CPU
		{78DF4520-4FED-4A24-A7D9-689CD4C96CC3}.Debug|Any CPU.Build.0 = Debug|Any CPU
		{78DF4520-4FED-4A24-A7D9-689CD4C96CC3}.Release|Any CPU.ActiveCfg = Release|Any CPU
		{78DF4520-4FED-4A24-A7D9-689CD4C96CC3}.Release|Any CPU.Build.0 = Release|Any CPU
	EndGlobalSection
	GlobalSection(SolutionProperties) = preSolution
		HideSolutionNode = FALSE
	EndGlobalSection
	GlobalSection(ExtensibilityGlobals) = postSolution
		SolutionGuid = {21562FEA-038A-44C7-B859-EE84CABA0FFC}
	EndGlobalSection
EndGlobal
